
Microsoft Visual Studio Solution File, Format Version 12.00
# Visual Studio Version 16
VisualStudioVersion = 16.0.29926.136
MinimumVisualStudioVersion = 10.0.40219.1
Project("{FAE04EC0-301F-11D3-BF4B-00C04F79EFBC}") = "ApiAspNetCore_Restful", "ApiAspNetCore_Restful\ApiAspNetCore_Restful.csproj", "{0C3CD29B-7CF6-42A6-8DB2-EE9B6EC05EBC}"
EndProject
Global
	GlobalSection(SolutionConfigurationPlatforms) = preSolution
		Debug|Any CPU = Debug|Any CPU
		Release|Any CPU = Release|Any CPU
	EndGlobalSection
	GlobalSection(ProjectConfigurationPlatforms) = postSolution
		{0C3CD29B-7CF6-42A6-8DB2-EE9B6EC05EBC}.Debug|Any CPU.ActiveCfg = Debug|Any CPU
		{0C3CD29B-7CF6-42A6-8DB2-EE9B6EC05EBC}.Debug|Any CPU.Build.0 = Debug|Any CPU
		{0C3CD29B-7CF6-42A6-8DB2-EE9B6EC05EBC}.Release|Any CPU.ActiveCfg = Release|Any CPU
		{0C3CD29B-7CF6-42A6-8DB2-EE9B6EC05EBC}.Release|Any CPU.Build.0 = Release|Any CPU
	EndGlobalSection
	GlobalSection(SolutionProperties) = preSolution
		HideSolutionNode = FALSE
	EndGlobalSection
	GlobalSection(ExtensibilityGlobals) = postSolution
		SolutionGuid = {C4E55970-34CC-4F29-91C8-0E9116463C20}
	EndGlobalSection
EndGlobal
